
Microsoft Visual Studio Solution File, Format Version 12.00
Project("{FAE04EC0-301F-11D3-BF4B-00C04F79EFBC}") = "YouTrack.Management.ResolvedIssues", "YouTrack.Management.ResolvedIssues\YouTrack.Management.ResolvedIssues.csproj", "{B2EBB054-5419-43D7-8CF1-C600AB4BCB0B}"
EndProject
Project("{FAE04EC0-301F-11D3-BF4B-00C04F79EFBC}") = "YouTrack.Management.Shared", "YouTrack.Management.Shared\YouTrack.Management.Shared.csproj", "{09179E98-7B24-4997-9E88-1F9789FB2A9B}"
EndProject
Global
	GlobalSection(SolutionConfigurationPlatforms) = preSolution
		Debug|Any CPU = Debug|Any CPU
		Release|Any CPU = Release|Any CPU
	EndGlobalSection
	GlobalSection(ProjectConfigurationPlatforms) = postSolution
		{B2EBB054-5419-43D7-8CF1-C600AB4BCB0B}.Debug|Any CPU.ActiveCfg = Debug|Any CPU
		{B2EBB054-5419-43D7-8CF1-C600AB4BCB0B}.Debug|Any CPU.Build.0 = Debug|Any CPU
		{B2EBB054-5419-43D7-8CF1-C600AB4BCB0B}.Release|Any CPU.ActiveCfg = Release|Any CPU
		{B2EBB054-5419-43D7-8CF1-C600AB4BCB0B}.Release|Any CPU.Build.0 = Release|Any CPU
		{09179E98-7B24-4997-9E88-1F9789FB2A9B}.Debug|Any CPU.ActiveCfg = Debug|Any CPU
		{09179E98-7B24-4997-9E88-1F9789FB2A9B}.Debug|Any CPU.Build.0 = Debug|Any CPU
		{09179E98-7B24-4997-9E88-1F9789FB2A9B}.Release|Any CPU.ActiveCfg = Release|Any CPU
		{09179E98-7B24-4997-9E88-1F9789FB2A9B}.Release|Any CPU.Build.0 = Release|Any CPU
	EndGlobalSection
EndGlobal
