
Microsoft Visual Studio Solution File, Format Version 12.00
Project("{FAE04EC0-301F-11D3-BF4B-00C04F79EFBC}") = "YouTrack.Management.ResolvedIssues", "YouTrack.Management.ResolvedIssues\YouTrack.Management.ResolvedIssues.csproj", "{B2EBB054-5419-43D7-8CF1-C600AB4BCB0B}"
EndProject
Project("{FAE04EC0-301F-11D3-BF4B-00C04F79EFBC}") = "YouTrack.Management.Shared", "YouTrack.Management.Shared\YouTrack.Management.Shared.csproj", "{09179E98-7B24-4997-9E88-1F9789FB2A9B}"
EndProject
Project("{FAE04EC0-301F-11D3-BF4B-00C04F79EFBC}") = "YouTrack.Management.TrainMockDataGeneration", "YouTrack.Management.TrainMockDataGeneration\YouTrack.Management.TrainMockDataGeneration.csproj", "{5D4A6DD3-FD22-4781-9F28-B02378D6B9B8}"
EndProject
Project("{FAE04EC0-301F-11D3-BF4B-00C04F79EFBC}") = "YouTrack.Management.AssigneeActualize", "YouTrack.Management.AssigneeActualize\YouTrack.Management.AssigneeActualize.csproj", "{D06C1D8D-927E-44EC-9709-84CB01D67427}"
EndProject
Project("{FAE04EC0-301F-11D3-BF4B-00C04F79EFBC}") = "YouTrack.Management.RelationalDal", "YouTrack.Management.RelationalDal\YouTrack.Management.RelationalDal.csproj", "{EB29D3DF-6EC1-44AC-B6A0-E3BA76E05D79}"
EndProject
Project("{FAE04EC0-301F-11D3-BF4B-00C04F79EFBC}") = "YouTrack.Management.ApiGateway", "YouTrack.Management.ApiGateway\YouTrack.Management.ApiGateway.csproj", "{B0FBED5E-18F4-48B1-B988-9669750B7639}"
EndProject
Project("{2150E333-8FDC-42A3-9474-1A3956D46DE8}") = "YouTrack.Management.TrainMockDataGeneration", "YouTrack.Management.TrainMockDataGeneration", "{2ED9C8EC-3F2A-479F-98F9-F4312BB29A5D}"
EndProject
Project("{2150E333-8FDC-42A3-9474-1A3956D46DE8}") = "YouTrack.Management.AssigneeActualize", "YouTrack.Management.AssigneeActualize", "{AF1F5DC8-DF51-4497-A54C-12B00FE929A9}"
EndProject
Project("{2150E333-8FDC-42A3-9474-1A3956D46DE8}") = "YouTrack.Management.ResolvedIssues", "YouTrack.Management.ResolvedIssues", "{BCD83AFB-F3CD-4750-A531-93FE1D4D5185}"
EndProject
Project("{FAE04EC0-301F-11D3-BF4B-00C04F79EFBC}") = "YouTrack.Management.Common", "YouTrack.Management.Common\YouTrack.Management.Common.csproj", "{DF9D54AF-4F10-43AE-81B8-68246E2C1C04}"
EndProject
Project("{FAE04EC0-301F-11D3-BF4B-00C04F79EFBC}") = "YouTrack.Management.TrainMockDataGeneration.Client", "YouTrack.Management.TrainMockDataGeneration.Client\YouTrack.Management.TrainMockDataGeneration.Client.csproj", "{0F7BF6D0-07DE-4E2B-9C91-A5F923743B96}"
EndProject
Project("{FAE04EC0-301F-11D3-BF4B-00C04F79EFBC}") = "YouTrack.Management.MachineLearning.Client", "YouTrack.Management.MachineLearning.Client\YouTrack.Management.MachineLearning.Client.csproj", "{A6A2FE99-BC9E-4F9B-9FFA-A99DB5770CA4}"
EndProject
Project("{2150E333-8FDC-42A3-9474-1A3956D46DE8}") = "YouTrack.Management.MachineLearning", "YouTrack.Management.MachineLearning", "{0DFA69CE-074C-4342-B489-AF5670F19906}"
EndProject
Project("{FAE04EC0-301F-11D3-BF4B-00C04F79EFBC}") = "YouTrack.Management.MachineLearning.Contracts", "YouTrack.Management.MachineLearning.Contracts\YouTrack.Management.MachineLearning.Contracts.csproj", "{1AE12F55-EBB6-4227-B251-181224EEBDFE}"
EndProject
Project("{FAE04EC0-301F-11D3-BF4B-00C04F79EFBC}") = "YouTrack.Management.AssigneeActualize.Client", "YouTrack.Management.AssigneeActualize.Client\YouTrack.Management.AssigneeActualize.Client.csproj", "{4C605B47-4828-4DEB-9BF5-62973F8F9082}"
EndProject
Project("{FAE04EC0-301F-11D3-BF4B-00C04F79EFBC}") = "YouTrack.Management.ResolvedIssues.Client", "YouTrack.Management.ResolvedIssues.Client\YouTrack.Management.ResolvedIssues.Client.csproj", "{A3759918-679D-4202-A06E-1B6852D7DD60}"
EndProject
Project("{FAE04EC0-301F-11D3-BF4B-00C04F79EFBC}") = "YouTrack.Management.YouTrack.Client", "YouTrack.Management.YouTrack.Client\YouTrack.Management.YouTrack.Client.csproj", "{1F0C12FA-9A4D-4432-9233-7FBF0FA8A7F7}"
EndProject
Project("{FAE04EC0-301F-11D3-BF4B-00C04F79EFBC}") = "YouTrack.Management.YouTrack.Client.Contracts", "YouTrack.Management.YouTrack.Client.Contracts\YouTrack.Management.YouTrack.Client.Contracts.csproj", "{8EFFD619-B323-4F16-A685-F4CF7F591D5F}"
EndProject
Project("{2150E333-8FDC-42A3-9474-1A3956D46DE8}") = "YouTrack.Management.YouTrack", "YouTrack.Management.YouTrack", "{E8797E2B-56B8-426B-B8DE-FCE70B252E41}"
EndProject
Project("{2150E333-8FDC-42A3-9474-1A3956D46DE8}") = "YouTrack.Management.AssignSprint", "YouTrack.Management.AssignSprint", "{9746F532-78FB-4DD4-96A1-CB6E2901B031}"
EndProject
Project("{FAE04EC0-301F-11D3-BF4B-00C04F79EFBC}") = "YouTrack.Management.AssignSprint.Client", "YouTrack.Management.AssignSprint.Client\YouTrack.Management.AssignSprint.Client.csproj", "{5CED0A2D-7CB1-4A1A-843F-B0A9A4D51622}"
EndProject
Project("{FAE04EC0-301F-11D3-BF4B-00C04F79EFBC}") = "YouTrack.Management.AssignSprint", "YouTrack.Management.AssignSprint\YouTrack.Management.AssignSprint.csproj", "{A7CE6415-ACF1-4AAA-8A74-E5F0F6E348DD}"
EndProject
Project("{FAE04EC0-301F-11D3-BF4B-00C04F79EFBC}") = "YouTrack.Management.AssignSprint.Contracts", "YouTrack.Management.AssignSprint.Contracts\YouTrack.Management.AssignSprint.Contracts.csproj", "{BEDD1407-00F2-475B-8236-87591058784D}"
EndProject
Project("{FAE04EC0-301F-11D3-BF4B-00C04F79EFBC}") = "YouTrack.Management.AssigneeActualize.Contracts", "YouTrack.Management.AssigneeActualize.Contracts\YouTrack.Management.AssigneeActualize.Contracts.csproj", "{4A48FBD3-6AF2-4A12-8D6F-F7A8EEB38A58}"
EndProject
Project("{FAE04EC0-301F-11D3-BF4B-00C04F79EFBC}") = "YouTrack.Management.ModelRetrain", "YouTrack.Management.ModelRetrain\YouTrack.Management.ModelRetrain.csproj", "{5FF34DBF-40E4-495A-9FC2-CBE0D40A521C}"
EndProject
Project("{2150E333-8FDC-42A3-9474-1A3956D46DE8}") = "YouTrack.Management.ModelRetrain", "YouTrack.Management.ModelRetrain", "{08E77E4D-7A45-40FD-BA16-29DB504B9D40}"
EndProject
Project("{FAE04EC0-301F-11D3-BF4B-00C04F79EFBC}") = "YouTrack.Management.ModelRetrain.Client", "YouTrack.Management.ModelRetrain.Client\YouTrack.Management.ModelRetrain.Client.csproj", "{4E266635-23E7-4177-80BC-0CDA9C1AD186}"
EndProject
Global
	GlobalSection(SolutionConfigurationPlatforms) = preSolution
		Debug|Any CPU = Debug|Any CPU
		Release|Any CPU = Release|Any CPU
	EndGlobalSection
	GlobalSection(ProjectConfigurationPlatforms) = postSolution
		{B2EBB054-5419-43D7-8CF1-C600AB4BCB0B}.Debug|Any CPU.ActiveCfg = Debug|Any CPU
		{B2EBB054-5419-43D7-8CF1-C600AB4BCB0B}.Debug|Any CPU.Build.0 = Debug|Any CPU
		{B2EBB054-5419-43D7-8CF1-C600AB4BCB0B}.Release|Any CPU.ActiveCfg = Release|Any CPU
		{B2EBB054-5419-43D7-8CF1-C600AB4BCB0B}.Release|Any CPU.Build.0 = Release|Any CPU
		{09179E98-7B24-4997-9E88-1F9789FB2A9B}.Debug|Any CPU.ActiveCfg = Debug|Any CPU
		{09179E98-7B24-4997-9E88-1F9789FB2A9B}.Debug|Any CPU.Build.0 = Debug|Any CPU
		{09179E98-7B24-4997-9E88-1F9789FB2A9B}.Release|Any CPU.ActiveCfg = Release|Any CPU
		{09179E98-7B24-4997-9E88-1F9789FB2A9B}.Release|Any CPU.Build.0 = Release|Any CPU
		{5D4A6DD3-FD22-4781-9F28-B02378D6B9B8}.Debug|Any CPU.ActiveCfg = Debug|Any CPU
		{5D4A6DD3-FD22-4781-9F28-B02378D6B9B8}.Debug|Any CPU.Build.0 = Debug|Any CPU
		{5D4A6DD3-FD22-4781-9F28-B02378D6B9B8}.Release|Any CPU.ActiveCfg = Release|Any CPU
		{5D4A6DD3-FD22-4781-9F28-B02378D6B9B8}.Release|Any CPU.Build.0 = Release|Any CPU
		{D06C1D8D-927E-44EC-9709-84CB01D67427}.Debug|Any CPU.ActiveCfg = Debug|Any CPU
		{D06C1D8D-927E-44EC-9709-84CB01D67427}.Debug|Any CPU.Build.0 = Debug|Any CPU
		{D06C1D8D-927E-44EC-9709-84CB01D67427}.Release|Any CPU.ActiveCfg = Release|Any CPU
		{D06C1D8D-927E-44EC-9709-84CB01D67427}.Release|Any CPU.Build.0 = Release|Any CPU
		{EB29D3DF-6EC1-44AC-B6A0-E3BA76E05D79}.Debug|Any CPU.ActiveCfg = Debug|Any CPU
		{EB29D3DF-6EC1-44AC-B6A0-E3BA76E05D79}.Debug|Any CPU.Build.0 = Debug|Any CPU
		{EB29D3DF-6EC1-44AC-B6A0-E3BA76E05D79}.Release|Any CPU.ActiveCfg = Release|Any CPU
		{EB29D3DF-6EC1-44AC-B6A0-E3BA76E05D79}.Release|Any CPU.Build.0 = Release|Any CPU
		{B0FBED5E-18F4-48B1-B988-9669750B7639}.Debug|Any CPU.ActiveCfg = Debug|Any CPU
		{B0FBED5E-18F4-48B1-B988-9669750B7639}.Debug|Any CPU.Build.0 = Debug|Any CPU
		{B0FBED5E-18F4-48B1-B988-9669750B7639}.Release|Any CPU.ActiveCfg = Release|Any CPU
		{B0FBED5E-18F4-48B1-B988-9669750B7639}.Release|Any CPU.Build.0 = Release|Any CPU
		{DF9D54AF-4F10-43AE-81B8-68246E2C1C04}.Debug|Any CPU.ActiveCfg = Debug|Any CPU
		{DF9D54AF-4F10-43AE-81B8-68246E2C1C04}.Debug|Any CPU.Build.0 = Debug|Any CPU
		{DF9D54AF-4F10-43AE-81B8-68246E2C1C04}.Release|Any CPU.ActiveCfg = Release|Any CPU
		{DF9D54AF-4F10-43AE-81B8-68246E2C1C04}.Release|Any CPU.Build.0 = Release|Any CPU
		{CD1E440A-3CC6-4278-8D84-6221DEE70B8D}.Debug|Any CPU.ActiveCfg = Debug|Any CPU
		{CD1E440A-3CC6-4278-8D84-6221DEE70B8D}.Debug|Any CPU.Build.0 = Debug|Any CPU
		{CD1E440A-3CC6-4278-8D84-6221DEE70B8D}.Release|Any CPU.ActiveCfg = Release|Any CPU
		{CD1E440A-3CC6-4278-8D84-6221DEE70B8D}.Release|Any CPU.Build.0 = Release|Any CPU
		{0F7BF6D0-07DE-4E2B-9C91-A5F923743B96}.Debug|Any CPU.ActiveCfg = Debug|Any CPU
		{0F7BF6D0-07DE-4E2B-9C91-A5F923743B96}.Debug|Any CPU.Build.0 = Debug|Any CPU
		{0F7BF6D0-07DE-4E2B-9C91-A5F923743B96}.Release|Any CPU.ActiveCfg = Release|Any CPU
		{0F7BF6D0-07DE-4E2B-9C91-A5F923743B96}.Release|Any CPU.Build.0 = Release|Any CPU
		{A6A2FE99-BC9E-4F9B-9FFA-A99DB5770CA4}.Debug|Any CPU.ActiveCfg = Debug|Any CPU
		{A6A2FE99-BC9E-4F9B-9FFA-A99DB5770CA4}.Debug|Any CPU.Build.0 = Debug|Any CPU
		{A6A2FE99-BC9E-4F9B-9FFA-A99DB5770CA4}.Release|Any CPU.ActiveCfg = Release|Any CPU
		{A6A2FE99-BC9E-4F9B-9FFA-A99DB5770CA4}.Release|Any CPU.Build.0 = Release|Any CPU
		{1AE12F55-EBB6-4227-B251-181224EEBDFE}.Debug|Any CPU.ActiveCfg = Debug|Any CPU
		{1AE12F55-EBB6-4227-B251-181224EEBDFE}.Debug|Any CPU.Build.0 = Debug|Any CPU
		{1AE12F55-EBB6-4227-B251-181224EEBDFE}.Release|Any CPU.ActiveCfg = Release|Any CPU
		{1AE12F55-EBB6-4227-B251-181224EEBDFE}.Release|Any CPU.Build.0 = Release|Any CPU
		{4C605B47-4828-4DEB-9BF5-62973F8F9082}.Debug|Any CPU.ActiveCfg = Debug|Any CPU
		{4C605B47-4828-4DEB-9BF5-62973F8F9082}.Debug|Any CPU.Build.0 = Debug|Any CPU
		{4C605B47-4828-4DEB-9BF5-62973F8F9082}.Release|Any CPU.ActiveCfg = Release|Any CPU
		{4C605B47-4828-4DEB-9BF5-62973F8F9082}.Release|Any CPU.Build.0 = Release|Any CPU
		{A3759918-679D-4202-A06E-1B6852D7DD60}.Debug|Any CPU.ActiveCfg = Debug|Any CPU
		{A3759918-679D-4202-A06E-1B6852D7DD60}.Debug|Any CPU.Build.0 = Debug|Any CPU
		{A3759918-679D-4202-A06E-1B6852D7DD60}.Release|Any CPU.ActiveCfg = Release|Any CPU
		{A3759918-679D-4202-A06E-1B6852D7DD60}.Release|Any CPU.Build.0 = Release|Any CPU
		{1F0C12FA-9A4D-4432-9233-7FBF0FA8A7F7}.Debug|Any CPU.ActiveCfg = Debug|Any CPU
		{1F0C12FA-9A4D-4432-9233-7FBF0FA8A7F7}.Debug|Any CPU.Build.0 = Debug|Any CPU
		{1F0C12FA-9A4D-4432-9233-7FBF0FA8A7F7}.Release|Any CPU.ActiveCfg = Release|Any CPU
		{1F0C12FA-9A4D-4432-9233-7FBF0FA8A7F7}.Release|Any CPU.Build.0 = Release|Any CPU
		{8EFFD619-B323-4F16-A685-F4CF7F591D5F}.Debug|Any CPU.ActiveCfg = Debug|Any CPU
		{8EFFD619-B323-4F16-A685-F4CF7F591D5F}.Debug|Any CPU.Build.0 = Debug|Any CPU
		{8EFFD619-B323-4F16-A685-F4CF7F591D5F}.Release|Any CPU.ActiveCfg = Release|Any CPU
		{8EFFD619-B323-4F16-A685-F4CF7F591D5F}.Release|Any CPU.Build.0 = Release|Any CPU
		{5CED0A2D-7CB1-4A1A-843F-B0A9A4D51622}.Debug|Any CPU.ActiveCfg = Debug|Any CPU
		{5CED0A2D-7CB1-4A1A-843F-B0A9A4D51622}.Debug|Any CPU.Build.0 = Debug|Any CPU
		{5CED0A2D-7CB1-4A1A-843F-B0A9A4D51622}.Release|Any CPU.ActiveCfg = Release|Any CPU
		{5CED0A2D-7CB1-4A1A-843F-B0A9A4D51622}.Release|Any CPU.Build.0 = Release|Any CPU
		{A7CE6415-ACF1-4AAA-8A74-E5F0F6E348DD}.Debug|Any CPU.ActiveCfg = Debug|Any CPU
		{A7CE6415-ACF1-4AAA-8A74-E5F0F6E348DD}.Debug|Any CPU.Build.0 = Debug|Any CPU
		{A7CE6415-ACF1-4AAA-8A74-E5F0F6E348DD}.Release|Any CPU.ActiveCfg = Release|Any CPU
		{A7CE6415-ACF1-4AAA-8A74-E5F0F6E348DD}.Release|Any CPU.Build.0 = Release|Any CPU
		{BEDD1407-00F2-475B-8236-87591058784D}.Debug|Any CPU.ActiveCfg = Debug|Any CPU
		{BEDD1407-00F2-475B-8236-87591058784D}.Debug|Any CPU.Build.0 = Debug|Any CPU
		{BEDD1407-00F2-475B-8236-87591058784D}.Release|Any CPU.ActiveCfg = Release|Any CPU
		{BEDD1407-00F2-475B-8236-87591058784D}.Release|Any CPU.Build.0 = Release|Any CPU
		{4A48FBD3-6AF2-4A12-8D6F-F7A8EEB38A58}.Debug|Any CPU.ActiveCfg = Debug|Any CPU
		{4A48FBD3-6AF2-4A12-8D6F-F7A8EEB38A58}.Debug|Any CPU.Build.0 = Debug|Any CPU
		{4A48FBD3-6AF2-4A12-8D6F-F7A8EEB38A58}.Release|Any CPU.ActiveCfg = Release|Any CPU
		{4A48FBD3-6AF2-4A12-8D6F-F7A8EEB38A58}.Release|Any CPU.Build.0 = Release|Any CPU
		{5FF34DBF-40E4-495A-9FC2-CBE0D40A521C}.Debug|Any CPU.ActiveCfg = Debug|Any CPU
		{5FF34DBF-40E4-495A-9FC2-CBE0D40A521C}.Debug|Any CPU.Build.0 = Debug|Any CPU
		{5FF34DBF-40E4-495A-9FC2-CBE0D40A521C}.Release|Any CPU.ActiveCfg = Release|Any CPU
		{5FF34DBF-40E4-495A-9FC2-CBE0D40A521C}.Release|Any CPU.Build.0 = Release|Any CPU
		{4E266635-23E7-4177-80BC-0CDA9C1AD186}.Debug|Any CPU.ActiveCfg = Debug|Any CPU
		{4E266635-23E7-4177-80BC-0CDA9C1AD186}.Debug|Any CPU.Build.0 = Debug|Any CPU
		{4E266635-23E7-4177-80BC-0CDA9C1AD186}.Release|Any CPU.ActiveCfg = Release|Any CPU
		{4E266635-23E7-4177-80BC-0CDA9C1AD186}.Release|Any CPU.Build.0 = Release|Any CPU
	EndGlobalSection
	GlobalSection(NestedProjects) = preSolution
		{5D4A6DD3-FD22-4781-9F28-B02378D6B9B8} = {2ED9C8EC-3F2A-479F-98F9-F4312BB29A5D}
		{B2EBB054-5419-43D7-8CF1-C600AB4BCB0B} = {BCD83AFB-F3CD-4750-A531-93FE1D4D5185}
		{D06C1D8D-927E-44EC-9709-84CB01D67427} = {AF1F5DC8-DF51-4497-A54C-12B00FE929A9}
		{CD1E440A-3CC6-4278-8D84-6221DEE70B8D} = {2ED9C8EC-3F2A-479F-98F9-F4312BB29A5D}
		{0F7BF6D0-07DE-4E2B-9C91-A5F923743B96} = {2ED9C8EC-3F2A-479F-98F9-F4312BB29A5D}
		{A6A2FE99-BC9E-4F9B-9FFA-A99DB5770CA4} = {0DFA69CE-074C-4342-B489-AF5670F19906}
		{1AE12F55-EBB6-4227-B251-181224EEBDFE} = {0DFA69CE-074C-4342-B489-AF5670F19906}
		{4C605B47-4828-4DEB-9BF5-62973F8F9082} = {AF1F5DC8-DF51-4497-A54C-12B00FE929A9}
		{A3759918-679D-4202-A06E-1B6852D7DD60} = {BCD83AFB-F3CD-4750-A531-93FE1D4D5185}
		{8EFFD619-B323-4F16-A685-F4CF7F591D5F} = {E8797E2B-56B8-426B-B8DE-FCE70B252E41}
		{1F0C12FA-9A4D-4432-9233-7FBF0FA8A7F7} = {E8797E2B-56B8-426B-B8DE-FCE70B252E41}
		{5CED0A2D-7CB1-4A1A-843F-B0A9A4D51622} = {9746F532-78FB-4DD4-96A1-CB6E2901B031}
		{A7CE6415-ACF1-4AAA-8A74-E5F0F6E348DD} = {9746F532-78FB-4DD4-96A1-CB6E2901B031}
		{BEDD1407-00F2-475B-8236-87591058784D} = {9746F532-78FB-4DD4-96A1-CB6E2901B031}
		{4A48FBD3-6AF2-4A12-8D6F-F7A8EEB38A58} = {AF1F5DC8-DF51-4497-A54C-12B00FE929A9}
		{5FF34DBF-40E4-495A-9FC2-CBE0D40A521C} = {08E77E4D-7A45-40FD-BA16-29DB504B9D40}
		{4E266635-23E7-4177-80BC-0CDA9C1AD186} = {08E77E4D-7A45-40FD-BA16-29DB504B9D40}
	EndGlobalSection
EndGlobal
